
Microsoft Visual Studio Solution File, Format Version 12.00
# Visual Studio Version 17
VisualStudioVersion = 17.4.33103.184
MinimumVisualStudioVersion = 10.0.40219.1
Project("{FAE04EC0-301F-11D3-BF4B-00C04F79EFBC}") = "SocketDemo", "SocketDemo\SocketDemo.csproj", "{52F7BAEF-7849-4D67-8E57-1FE6F4F272F9}"
EndProject
Global
	GlobalSection(SolutionConfigurationPlatforms) = preSolution
		Debug|Any CPU = Debug|Any CPU
		Release|Any CPU = Release|Any CPU
	EndGlobalSection
	GlobalSection(ProjectConfigurationPlatforms) = postSolution
		{52F7BAEF-7849-4D67-8E57-1FE6F4F272F9}.Debug|Any CPU.ActiveCfg = Debug|Any CPU
		{52F7BAEF-7849-4D67-8E57-1FE6F4F272F9}.Debug|Any CPU.Build.0 = Debug|Any CPU
		{52F7BAEF-7849-4D67-8E57-1FE6F4F272F9}.Release|Any CPU.ActiveCfg = Release|Any CPU
		{52F7BAEF-7849-4D67-8E57-1FE6F4F272F9}.Release|Any CPU.Build.0 = Release|Any CPU
	EndGlobalSection
	GlobalSection(SolutionProperties) = preSolution
		HideSolutionNode = FALSE
	EndGlobalSection
	GlobalSection(ExtensibilityGlobals) = postSolution
		SolutionGuid = {6FD021B5-C818-480A-A429-A341E32F325A}
	EndGlobalSection
EndGlobal
